version = 1
revision = 1
requires-python = ">=3.11"

[[package]]
name = "harmony"
version = "0.0.0"
source = { editable = "." }
dependencies = [
    { name = "fastapi", constraint = ">=0.115,<0.117" },
    { name = "uvicorn", constraint = ">=0.30,<0.32" },
    { name = "sqlalchemy", constraint = ">=2.0.31,<2.1" },
    { name = "aiohttp", constraint = ">=3.12,<3.13" },
    { name = "aiosqlite", constraint = ">=0.19,<0.20" },
    { name = "spotipy", constraint = ">=2.25,<2.26" },
    { name = "pydantic", constraint = ">=2.7,<3" },
    { name = "httpx", constraint = ">=0.27,<0.28" },
    { name = "psutil", constraint = ">=5.9,<6" },
    { name = "mutagen", constraint = ">=1.47,<2" },
    { name = "prometheus-client", constraint = ">=0.20,<0.21" },
    { name = "unidecode", constraint = ">=1.3,<2" },
]

[[package]]
name = "fastapi"
version = "0.116.1"
source = { registry = "https://pypi.org/simple" }

[[package]]
name = "uvicorn"
version = "0.30.6"
source = { registry = "https://pypi.org/simple" }

[[package]]
name = "sqlalchemy"
version = "2.0.31"
source = { registry = "https://pypi.org/simple" }

[[package]]
name = "aiohttp"
version = "3.12.14"
source = { registry = "https://pypi.org/simple" }

[[package]]
name = "aiosqlite"
version = "0.19.0"
source = { registry = "https://pypi.org/simple" }

[[package]]
name = "spotipy"
version = "2.25.1"
source = { registry = "https://pypi.org/simple" }

[[package]]
name = "pydantic"
version = "2.7.1"
source = { registry = "https://pypi.org/simple" }

[[package]]
name = "httpx"
version = "0.27.0"
source = { registry = "https://pypi.org/simple" }

[[package]]
name = "psutil"
version = "5.9.8"
source = { registry = "https://pypi.org/simple" }

[[package]]
name = "mutagen"
version = "1.47.0"
source = { registry = "https://pypi.org/simple" }

[[package]]
name = "prometheus-client"
version = "0.20.0"
source = { registry = "https://pypi.org/simple" }

[[package]]
name = "unidecode"
version = "1.3.8"
source = { registry = "https://pypi.org/simple" }

[[package]]
name = "dev"
version = "0.0.0"
source = { editable = "." }
dependencies = [
    { name = "libcst", constraint = ">=1.5,<1.6" },
    { name = "mypy", constraint = ">=1.10,<1.11" },
    { name = "pip-audit", constraint = ">=2.7,<2.8" },
    { name = "radon", constraint = ">=6.0,<6.1" },
    { name = "ruff", constraint = ">=0.6,<0.7" },
    { name = "vulture", constraint = ">=2.10,<2.11" },
]

[[package]]
name = "libcst"
version = "1.5.1"
source = { registry = "https://pypi.org/simple" }

[[package]]
name = "mypy"
version = "1.10.0"
source = { registry = "https://pypi.org/simple" }

[[package]]
name = "pip-audit"
version = "2.7.3"
source = { registry = "https://pypi.org/simple" }

[[package]]
name = "radon"
version = "6.0.1"
source = { registry = "https://pypi.org/simple" }

[[package]]
name = "ruff"
version = "0.6.5"
source = { registry = "https://pypi.org/simple" }

[[package]]
name = "vulture"
version = "2.10"
source = { registry = "https://pypi.org/simple" }

[[package]]
name = "test"
version = "0.0.0"
source = { editable = "." }
dependencies = [
    { name = "pytest", constraint = ">=7.4,<8" },
    { name = "pytest-asyncio", constraint = ">=0.23,<0.24" },
]

[[package]]
name = "pytest"
version = "7.4.4"
source = { registry = "https://pypi.org/simple" }

[[package]]
name = "pytest-asyncio"
version = "0.23.6"
source = { registry = "https://pypi.org/simple" }
